
Microsoft Visual Studio Solution File, Format Version 12.00
# Visual Studio 14
VisualStudioVersion = 14.0.25420.1
MinimumVisualStudioVersion = 10.0.40219.1
Project("{FAE04EC0-301F-11D3-BF4B-00C04F79EFBC}") = "Parsing JSON Files", "Parsing JSON Files\Parsing JSON Files.csproj", "{DC754C14-8941-4061-AD3C-3ADD0D1A840F}"
EndProject
Global
	GlobalSection(SolutionConfigurationPlatforms) = preSolution
		Debug|Any CPU = Debug|Any CPU
		Release|Any CPU = Release|Any CPU
	EndGlobalSection
	GlobalSection(ProjectConfigurationPlatforms) = postSolution
		{DC754C14-8941-4061-AD3C-3ADD0D1A840F}.Debug|Any CPU.ActiveCfg = Debug|Any CPU
		{DC754C14-8941-4061-AD3C-3ADD0D1A840F}.Debug|Any CPU.Build.0 = Debug|Any CPU
		{DC754C14-8941-4061-AD3C-3ADD0D1A840F}.Release|Any CPU.ActiveCfg = Release|Any CPU
		{DC754C14-8941-4061-AD3C-3ADD0D1A840F}.Release|Any CPU.Build.0 = Release|Any CPU
	EndGlobalSection
	GlobalSection(SolutionProperties) = preSolution
		HideSolutionNode = FALSE
	EndGlobalSection
EndGlobal
